PODS:
  - FLAnimatedImage (1.0.15)
  - SDWebImage (5.9.4):
    - SDWebImage/Core (= 5.9.4)
  - SDWebImage/Core (5.9.4)

DEPENDENCIES:
  - FLAnimatedImage
  - SDWebImage

SPEC REPOS:
  trunk:
    - FLAnimatedImage
    - SDWebImage

SPEC CHECKSUMS:
  FLAnimatedImage: dd3db277b17e909ec3c7fd41adfce79b321d960e
  SDWebImage: b69257f4ab14e9b6a2ef53e910fdf914d8f757c1

PODFILE CHECKSUM: 6b5d0ebc2ac36f240967253ea0ec40a4729606b2

COCOAPODS: 1.10.0
